
Microsoft Visual Studio Solution File, Format Version 12.00
# Visual Studio Version 16
VisualStudioVersion = 16.0.30517.126
MinimumVisualStudioVersion = 10.0.40219.1
Project("{FAE04EC0-301F-11D3-BF4B-00C04F79EFBC}") = "EnglishSchool", "EnglishSchool\EnglishSchool.csproj", "{C9790F9D-BF67-4516-89E3-38C8DCE5B320}"
EndProject
Project("{FAE04EC0-301F-11D3-BF4B-00C04F79EFBC}") = "EnglishSchool.Data", "EnglishSchool.Data\EnglishSchool.Data.csproj", "{DAB764C6-151A-432A-8F3C-D29ECB81D8EA}"
EndProject
Project("{FAE04EC0-301F-11D3-BF4B-00C04F79EFBC}") = "EnglishSchool.Model", "EnglishSchool.Model\EnglishSchool.Model.csproj", "{E8F800A6-22DA-478B-B8B3-D05BDC7B101E}"
EndProject
Project("{FAE04EC0-301F-11D3-BF4B-00C04F79EFBC}") = "EnglishSchool.Service", "EnglishSchool.Service\EnglishSchool.Service.csproj", "{F5501267-6AFB-48B1-9141-22FE7C79762D}"
EndProject
Global
	GlobalSection(SolutionConfigurationPlatforms) = preSolution
		Debug|Any CPU = Debug|Any CPU
		Release|Any CPU = Release|Any CPU
	EndGlobalSection
	GlobalSection(ProjectConfigurationPlatforms) = postSolution
		{C9790F9D-BF67-4516-89E3-38C8DCE5B320}.Debug|Any CPU.ActiveCfg = Debug|Any CPU
		{C9790F9D-BF67-4516-89E3-38C8DCE5B320}.Debug|Any CPU.Build.0 = Debug|Any CPU
		{C9790F9D-BF67-4516-89E3-38C8DCE5B320}.Release|Any CPU.ActiveCfg = Release|Any CPU
		{C9790F9D-BF67-4516-89E3-38C8DCE5B320}.Release|Any CPU.Build.0 = Release|Any CPU
		{DAB764C6-151A-432A-8F3C-D29ECB81D8EA}.Debug|Any CPU.ActiveCfg = Debug|Any CPU
		{DAB764C6-151A-432A-8F3C-D29ECB81D8EA}.Debug|Any CPU.Build.0 = Debug|Any CPU
		{DAB764C6-151A-432A-8F3C-D29ECB81D8EA}.Release|Any CPU.ActiveCfg = Release|Any CPU
		{DAB764C6-151A-432A-8F3C-D29ECB81D8EA}.Release|Any CPU.Build.0 = Release|Any CPU
		{E8F800A6-22DA-478B-B8B3-D05BDC7B101E}.Debug|Any CPU.ActiveCfg = Debug|Any CPU
		{E8F800A6-22DA-478B-B8B3-D05BDC7B101E}.Debug|Any CPU.Build.0 = Debug|Any CPU
		{E8F800A6-22DA-478B-B8B3-D05BDC7B101E}.Release|Any CPU.ActiveCfg = Release|Any CPU
		{E8F800A6-22DA-478B-B8B3-D05BDC7B101E}.Release|Any CPU.Build.0 = Release|Any CPU
		{F5501267-6AFB-48B1-9141-22FE7C79762D}.Debug|Any CPU.ActiveCfg = Debug|Any CPU
		{F5501267-6AFB-48B1-9141-22FE7C79762D}.Debug|Any CPU.Build.0 = Debug|Any CPU
		{F5501267-6AFB-48B1-9141-22FE7C79762D}.Release|Any CPU.ActiveCfg = Release|Any CPU
		{F5501267-6AFB-48B1-9141-22FE7C79762D}.Release|Any CPU.Build.0 = Release|Any CPU
	EndGlobalSection
	GlobalSection(SolutionProperties) = preSolution
		HideSolutionNode = FALSE
	EndGlobalSection
	GlobalSection(ExtensibilityGlobals) = postSolution
		SolutionGuid = {A66DA277-968B-4E41-A322-112AE03962BD}
	EndGlobalSection
EndGlobal
